// !$*UTF8*$!
{
	archiveVersion = 1;
	classes = {
	};
	objectVersion = 46;
	objects = {

/* Begin PBXBuildFile section */
		0E5DADACB016DF19392962B4 /* MOE.framework in Embed Frameworks */ = {isa = PBXBuildFile; fileRef = 00D3FB112F265969EF0759C4 /* MOE.framework */; settings = {ATTRIBUTES = (CodeSignOnCopy, RemoveHeadersOnCopy, ); }; };
		1397D205FCA6E73A3DFD46BF /* MOE.framework in Frameworks */ = {isa = PBXBuildFile; fileRef = 00D3FB112F265969EF0759C4 /* MOE.framework */; };
		14CBF5D4E411A00551D2CB99 /* LaunchScreen.xib in Resources */ = {isa = PBXBuildFile; fileRef = A96983DB6E994017078689D9 /* LaunchScreen.xib */; };
		2F187080E1DA05B8595DE67D /* main.cpp in Sources */ = {isa = PBXBuildFile; fileRef = 82541299349F2DD6BF16EE3E /* main.cpp */; };
		4B5FD0B5CF70BDABD9F42980 /* classlist.txt in Resources */ = {isa = PBXBuildFile; fileRef = 0743C2A3D09EC763E2051A67 /* classlist.txt */; };
		71A9F39814A86CCD516139E7 /* MOE.framework in Frameworks */ = {isa = PBXBuildFile; fileRef = 00D3FB112F265969EF0759C4 /* MOE.framework */; };
		80C8690968C57A56F380067F /* MOE.framework in Embed Frameworks */ = {isa = PBXBuildFile; fileRef = 00D3FB112F265969EF0759C4 /* MOE.framework */; settings = {ATTRIBUTES = (CodeSignOnCopy, RemoveHeadersOnCopy, ); }; };
		9972EF821CE3C24F0068B980 /* JSONValue.m in Sources */ = {isa = PBXBuildFile; fileRef = 9972EF811CE3C24F0068B980 /* JSONValue.m */; };
		9972EF851CE3C2C70068B980 /* AppDelegate.m in Sources */ = {isa = PBXBuildFile; fileRef = 9972EF831CE3C2C70068B980 /* AppDelegate.m */; };
		9972EF871CE3C2D60068B980 /* Info.plist in Resources */ = {isa = PBXBuildFile; fileRef = 9972EF861CE3C2D60068B980 /* Info.plist */; };
		A0E963CD93E1715FB552E3A4 /* MainUI.storyboard in Resources */ = {isa = PBXBuildFile; fileRef = 37BF4EFBF70694B1257910FC /* MainUI.storyboard */; };
		ADA4D82F2B89A2B77A815FD1 /* application.jar in Resources */ = {isa = PBXBuildFile; fileRef = 20E04B3EDA533DFEE31FC389 /* application.jar */; };
		B745CCCB00971AE20AE65A31 /* preregister.txt in Resources */ = {isa = PBXBuildFile; fileRef = 9096298C687C8F49753AB058 /* preregister.txt */; };
		C0E51E9C701B9CD769F2F62E /* main.cpp in Sources */ = {isa = PBXBuildFile; fileRef = 82541299349F2DD6BF16EE3E /* main.cpp */; };
		CD1761BABB594FD4AFDDAEFF /* application.jar in Resources */ = {isa = PBXBuildFile; fileRef = FDCF732EEF94CDC0D8337574 /* application.jar */; };
		CD30B5BEB40E4942AA83DA9A /* intel_logo.png in Resources */ = {isa = PBXBuildFile; fileRef = E75A9123A10F042FBC933F84 /* intel_logo.png */; };
		E843DD4E4023C300237E8720 /* preregister.txt in Resources */ = {isa = PBXBuildFile; fileRef = B92492E0A590FF9C5394C029 /* preregister.txt */; };
/* End PBXBuildFile section */

/* Begin PBXCopyFilesBuildPhase section */
		5F2FED8D610FD023FA8FCF6D /* Embed Frameworks */ = {
			isa = PBXCopyFilesBuildPhase;
			buildActionMask = 2147483647;
			dstPath = "";
			dstSubfolderSpec = 10;
			files = (
				0E5DADACB016DF19392962B4 /* MOE.framework in Embed Frameworks */,
			);
			name = "Embed Frameworks";
			runOnlyForDeploymentPostprocessing = 0;
		};
		98614A6D6CE766C7ED2D54C3 /* Embed Frameworks */ = {
			isa = PBXCopyFilesBuildPhase;
			buildActionMask = 2147483647;
			dstPath = "";
			dstSubfolderSpec = 10;
			files = (
				80C8690968C57A56F380067F /* MOE.framework in Embed Frameworks */,
			);
			name = "Embed Frameworks";
			runOnlyForDeploymentPostprocessing = 0;
		};
/* End PBXCopyFilesBuildPhase section */

/* Begin PBXFileReference section */
		00D3FB112F265969EF0759C4 /* MOE.framework */ = {isa = PBXFileReference; lastKnownFileType = wrapper.framework; path = MOE.framework; sourceTree = MOE_FRAMEWORK_PATH; };
		0743C2A3D09EC763E2051A67 /* classlist.txt */ = {isa = PBXFileReference; lastKnownFileType = text; name = classlist.txt; path = ../build/moe/test/classlist.txt; sourceTree = SOURCE_ROOT; };
		207275C42C9C8265749DFCBA /* jartest-Test.app */ = {isa = PBXFileReference; explicitFileType = wrapper.application; includeInIndex = 0; path = "jartest-Test.app"; sourceTree = BUILT_PRODUCTS_DIR; };
		20E04B3EDA533DFEE31FC389 /* application.jar */ = {isa = PBXFileReference; lastKnownFileType = archive.jar; name = application.jar; path = ../build/moe/test/application.jar; sourceTree = SOURCE_ROOT; };
		37BF4EFBF70694B1257910FC /* MainUI.storyboard */ = {isa = PBXFileReference; lastKnownFileType = file.storyboard; name = MainUI.storyboard; path = ../src/main/resources/MainUI.storyboard; sourceTree = SOURCE_ROOT; };
		702A9F1FC3680E0F93C6F7C5 /* Info-Test.plist */ = {isa = PBXFileReference; lastKnownFileType = text.plist.xml; name = "Info-Test.plist"; path = "jartest-Test/Info-Test.plist"; sourceTree = "<group>"; };
		82541299349F2DD6BF16EE3E /* main.cpp */ = {isa = PBXFileReference; lastKnownFileType = sourcecode.cpp.cpp; path = main.cpp; sourceTree = "<group>"; };
		9096298C687C8F49753AB058 /* preregister.txt */ = {isa = PBXFileReference; lastKnownFileType = text; name = preregister.txt; path = ../build/moe/test/preregister.txt; sourceTree = SOURCE_ROOT; };
		9972EF801CE3C24F0068B980 /* JSONValue.h */ = {isa = PBXFileReference; fileEncoding = 4; lastKnownFileType = sourcecode.c.h; path = JSONValue.h; sourceTree = "<group>"; };
		9972EF811CE3C24F0068B980 /* JSONValue.m */ = {isa = PBXFileReference; fileEncoding = 4; lastKnownFileType = sourcecode.c.objc; path = JSONValue.m; sourceTree = "<group>"; };
		9972EF831CE3C2C70068B980 /* AppDelegate.m */ = {isa = PBXFileReference; fileEncoding = 4; lastKnownFileType = sourcecode.c.objc; path = AppDelegate.m; sourceTree = "<group>"; };
		9972EF841CE3C2C70068B980 /* AppDelegate.h */ = {isa = PBXFileReference; fileEncoding = 4; lastKnownFileType = sourcecode.c.h; path = AppDelegate.h; sourceTree = "<group>"; };
		9972EF861CE3C2D60068B980 /* Info.plist */ = {isa = PBXFileReference; fileEncoding = 4; lastKnownFileType = text.plist.xml; path = Info.plist; sourceTree = "<group>"; };
		A3CBA905D41CAD9DF2A5F0A3 /* build.xcconfig */ = {isa = PBXFileReference; lastKnownFileType = text.xcconfig; path = build.xcconfig; sourceTree = "<group>"; };
		A96983DB6E994017078689D9 /* LaunchScreen.xib */ = {isa = PBXFileReference; lastKnownFileType = file.xib; name = LaunchScreen.xib; path = ../src/main/resources/LaunchScreen.xib; sourceTree = SOURCE_ROOT; };
		B55B8F570BA845E71915F626 /* build.xcconfig */ = {isa = PBXFileReference; lastKnownFileType = text.xcconfig; path = build.xcconfig; sourceTree = "<group>"; };
		B92492E0A590FF9C5394C029 /* preregister.txt */ = {isa = PBXFileReference; lastKnownFileType = text; name = preregister.txt; path = ../build/moe/main/preregister.txt; sourceTree = SOURCE_ROOT; };
		E75A9123A10F042FBC933F84 /* intel_logo.png */ = {isa = PBXFileReference; lastKnownFileType = image.png; name = intel_logo.png; path = ../src/main/resources/intel_logo.png; sourceTree = SOURCE_ROOT; };
		EEEB78FE3ABB28E4DCCEBE13 /* jartest.app */ = {isa = PBXFileReference; explicitFileType = wrapper.application; includeInIndex = 0; path = jartest.app; sourceTree = BUILT_PRODUCTS_DIR; };
		FDCF732EEF94CDC0D8337574 /* application.jar */ = {isa = PBXFileReference; lastKnownFileType = archive.jar; name = application.jar; path = ../build/moe/main/application.jar; sourceTree = SOURCE_ROOT; };
/* End PBXFileReference section */

/* Begin PBXFrameworksBuildPhase section */
		E60F7DAB7D55ECE651B39980 /* Frameworks */ = {
			isa = PBXFrameworksBuildPhase;
			buildActionMask = 2147483647;
			files = (
				71A9F39814A86CCD516139E7 /* MOE.framework in Frameworks */,
			);
			runOnlyForDeploymentPostprocessing = 0;
		};
		F44E97B983F1FB07A1030F2D /* Frameworks */ = {
			isa = PBXFrameworksBuildPhase;
			buildActionMask = 2147483647;
			files = (
				1397D205FCA6E73A3DFD46BF /* MOE.framework in Frameworks */,
			);
			runOnlyForDeploymentPostprocessing = 0;
		};
/* End PBXFrameworksBuildPhase section */

/* Begin PBXGroup section */
		05360F1749047D70CB70466F /* Products */ = {
			isa = PBXGroup;
			children = (
				EEEB78FE3ABB28E4DCCEBE13 /* jartest.app */,
				207275C42C9C8265749DFCBA /* jartest-Test.app */,
			);
			path = Products;
			sourceTree = "<group>";
		};
		19CBC84A2C83150D81B6C449 /* jartest-Test */ = {
			isa = PBXGroup;
			children = (
				E1D150F2627A93B3E41245E2 /* Supporting Files */,
			);
			path = "jartest-Test";
			sourceTree = "<group>";
		};
		25F0C2726F69F0E05D51BDC6 = {
			isa = PBXGroup;
			children = (
				604050E884311EE56640C8C5 /* jartest */,
				19CBC84A2C83150D81B6C449 /* jartest-Test */,
				2BF56AF33008FD61DE725DC1 /* Frameworks */,
				05360F1749047D70CB70466F /* Products */,
			);
			sourceTree = "<group>";
		};
		2BF56AF33008FD61DE725DC1 /* Frameworks */ = {
			isa = PBXGroup;
			children = (
				00D3FB112F265969EF0759C4 /* MOE.framework */,
			);
			path = Frameworks;
			sourceTree = "<group>";
		};
		604050E884311EE56640C8C5 /* jartest */ = {
			isa = PBXGroup;
			children = (
				F91DE5845F3DDD10E72832B5 /* Supporting Files */,
			);
			path = jartest;
			sourceTree = "<group>";
		};
		E1D150F2627A93B3E41245E2 /* Supporting Files */ = {
			isa = PBXGroup;
			children = (
				A3CBA905D41CAD9DF2A5F0A3 /* build.xcconfig */,
				702A9F1FC3680E0F93C6F7C5 /* Info-Test.plist */,
				9096298C687C8F49753AB058 /* preregister.txt */,
				20E04B3EDA533DFEE31FC389 /* application.jar */,
				0743C2A3D09EC763E2051A67 /* classlist.txt */,
			);
			name = "Supporting Files";
			sourceTree = "<group>";
		};
		F91DE5845F3DDD10E72832B5 /* Supporting Files */ = {
			isa = PBXGroup;
			children = (
				9972EF861CE3C2D60068B980 /* Info.plist */,
				9972EF831CE3C2C70068B980 /* AppDelegate.m */,
				9972EF841CE3C2C70068B980 /* AppDelegate.h */,
				9972EF801CE3C24F0068B980 /* JSONValue.h */,
				9972EF811CE3C24F0068B980 /* JSONValue.m */,
				82541299349F2DD6BF16EE3E /* main.cpp */,
				B55B8F570BA845E71915F626 /* build.xcconfig */,
				B92492E0A590FF9C5394C029 /* preregister.txt */,
				FDCF732EEF94CDC0D8337574 /* application.jar */,
				A96983DB6E994017078689D9 /* LaunchScreen.xib */,
				E75A9123A10F042FBC933F84 /* intel_logo.png */,
				37BF4EFBF70694B1257910FC /* MainUI.storyboard */,
			);
			name = "Supporting Files";
			sourceTree = "<group>";
		};
/* End PBXGroup section */

/* Begin PBXNativeTarget section */
		E94EE2E74F1F1FC8B568D2B5 /* jartest */ = {
			isa = PBXNativeTarget;
			buildConfigurationList = A1E3C5A03CFD6CC5B9A223F6 /* Build configuration list for PBXNativeTarget "jartest" */;
			buildPhases = (
				C39AD1346A9BCFD834B490A8 /* Compile Sources (MOE) */,
				F44E97B983F1FB07A1030F2D /* Frameworks */,
				FEDD84B0CF0F5D00FF80B35B /* Resources */,
				35858A62BEA1C6784180A063 /* Sources */,
				98614A6D6CE766C7ED2D54C3 /* Embed Frameworks */,
			);
			buildRules = (
			);
			name = jartest;
			productName = jartest;
			productReference = EEEB78FE3ABB28E4DCCEBE13 /* jartest.app */;
			productType = "com.apple.product-type.application";
		};
		FE0586EC6EF64284BEA7BBAC /* jartest-Test */ = {
			isa = PBXNativeTarget;
			buildConfigurationList = CA86AB7371931D9433EE939D /* Build configuration list for PBXNativeTarget "jartest-Test" */;
			buildPhases = (
				B894EC32F3B04DE4F4141E76 /* Compile Sources (MOE) */,
				E60F7DAB7D55ECE651B39980 /* Frameworks */,
				691894A2AB4E5652E857B0AB /* Resources */,
				4C1FF0C252EF98E763AEDC78 /* Sources */,
				5F2FED8D610FD023FA8FCF6D /* Embed Frameworks */,
			);
			buildRules = (
			);
			name = "jartest-Test";
			productName = "jartest-Test";
			productReference = 207275C42C9C8265749DFCBA /* jartest-Test.app */;
			productType = "com.apple.product-type.application";
		};
/* End PBXNativeTarget section */

/* Begin PBXProject section */
		1D6095419F8CF6865259A1DD /* Project object */ = {
			isa = PBXProject;
			attributes = {
				ORGANIZATIONNAME = "";
			};
			buildConfigurationList = 994170DC390CD3CD042C1A62 /* Build configuration list for PBXProject "jartest" */;
			compatibilityVersion = "Xcode 3.2";
			developmentRegion = English;
			hasScannedForEncodings = 0;
			knownRegions = (
				en,
				Base,
			);
			mainGroup = 25F0C2726F69F0E05D51BDC6;
			productRefGroup = 05360F1749047D70CB70466F /* Products */;
			projectDirPath = "";
			projectRoot = "";
			targets = (
				E94EE2E74F1F1FC8B568D2B5 /* jartest */,
				FE0586EC6EF64284BEA7BBAC /* jartest-Test */,
			);
		};
/* End PBXProject section */

/* Begin PBXResourcesBuildPhase section */
		691894A2AB4E5652E857B0AB /* Resources */ = {
			isa = PBXResourcesBuildPhase;
			buildActionMask = 2147483647;
			files = (
				B745CCCB00971AE20AE65A31 /* preregister.txt in Resources */,
				ADA4D82F2B89A2B77A815FD1 /* application.jar in Resources */,
				4B5FD0B5CF70BDABD9F42980 /* classlist.txt in Resources */,
			);
			runOnlyForDeploymentPostprocessing = 0;
		};
		FEDD84B0CF0F5D00FF80B35B /* Resources */ = {
			isa = PBXResourcesBuildPhase;
			buildActionMask = 2147483647;
			files = (
				E843DD4E4023C300237E8720 /* preregister.txt in Resources */,
				CD1761BABB594FD4AFDDAEFF /* application.jar in Resources */,
				9972EF871CE3C2D60068B980 /* Info.plist in Resources */,
				14CBF5D4E411A00551D2CB99 /* LaunchScreen.xib in Resources */,
				CD30B5BEB40E4942AA83DA9A /* intel_logo.png in Resources */,
				A0E963CD93E1715FB552E3A4 /* MainUI.storyboard in Resources */,
			);
			runOnlyForDeploymentPostprocessing = 0;
		};
/* End PBXResourcesBuildPhase section */

/* Begin PBXShellScriptBuildPhase section */
		B894EC32F3B04DE4F4141E76 /* Compile Sources (MOE) */ = {
			isa = PBXShellScriptBuildPhase;
			buildActionMask = 2147483647;
			files = (
			);
			inputPaths = (
			);
			name = "Compile Sources (MOE)";
			outputPaths = (
			);
			runOnlyForDeploymentPostprocessing = 0;
			shellPath = /bin/bash;
			shellScript = "cd \"${SRCROOT}/..\"\n\nexport JAVA_HOME=$(/usr/libexec/java_home -v 1.8)\njava -version\n\n########################\n# Find Gradle\n########################\nfunction findGradle {\n\tCD=\"$PWD\"\n\twhile [ \"$CD\" != \"\" ]; do\n\t\techo \"Looking for gradlew in $CD\"\n\t\tif [ -x \"$CD/gradlew\" ]; then\n\t\t\tGRADLE_EXEC=$CD/gradlew\n\t\t\treturn 0\n\t\tfi\n\t\tCD=\"${CD%/*}\"\n\tdone\n\n\tDEFAULT_PATH=$(echo $PATH)\n\tsource ~/.bash_profile\n\texport PATH=$PATH:DEFAULT_PATH\n\n\techo \"Checking with 'which'\"\n\tGRADLE_EXEC=$(which 'gradle')\n\n\tif [ \"$GRADLE_EXEC\" = \"\" ]; then\n\t\techo \"Falling back to '/usr/local/bin/gradle'\"\n\t\tGRADLE_EXEC=/usr/local/bin/gradle\n\tfi\n}\n########################\n# Execute Gradle build\n########################\nif [ -z \"$MOE_GRADLE_EXTERNAL_BUILD\" ]; then\n    findGradle\n\n    export MOE_BUILD_SOURCE_SET=test\n    \"$GRADLE_EXEC\" --daemon moeXcodeInternal\nfi\n";
		};
		C39AD1346A9BCFD834B490A8 /* Compile Sources (MOE) */ = {
			isa = PBXShellScriptBuildPhase;
			buildActionMask = 2147483647;
			files = (
			);
			inputPaths = (
			);
			name = "Compile Sources (MOE)";
			outputPaths = (
			);
			runOnlyForDeploymentPostprocessing = 0;
			shellPath = /bin/bash;
			shellScript = "cd \"${SRCROOT}/..\"\n\nexport JAVA_HOME=$(/usr/libexec/java_home -v 1.8)\njava -version\n\n########################\n# Find Gradle\n########################\nfunction findGradle {\n\tCD=\"$PWD\"\n\twhile [ \"$CD\" != \"\" ]; do\n\t\techo \"Looking for gradlew in $CD\"\n\t\tif [ -x \"$CD/gradlew\" ]; then\n\t\t\tGRADLE_EXEC=$CD/gradlew\n\t\t\treturn 0\n\t\tfi\n\t\tCD=\"${CD%/*}\"\n\tdone\n\n\tDEFAULT_PATH=$(echo $PATH)\n\tsource ~/.bash_profile\n\texport PATH=$PATH:DEFAULT_PATH\n\n\techo \"Checking with 'which'\"\n\tGRADLE_EXEC=$(which 'gradle')\n\n\tif [ \"$GRADLE_EXEC\" = \"\" ]; then\n\t\techo \"Falling back to '/usr/local/bin/gradle'\"\n\t\tGRADLE_EXEC=/usr/local/bin/gradle\n\tfi\n}\n########################\n# Execute Gradle build\n########################\nif [ -z \"$MOE_GRADLE_EXTERNAL_BUILD\" ]; then\n    findGradle\n\n    \"$GRADLE_EXEC\" --daemon moeXcodeInternal\nfi\n";
		};
/* End PBXShellScriptBuildPhase section */

/* Begin PBXSourcesBuildPhase section */
		35858A62BEA1C6784180A063 /* Sources */ = {
			isa = PBXSourcesBuildPhase;
			buildActionMask = 2147483647;
			files = (
				C0E51E9C701B9CD769F2F62E /* main.cpp in Sources */,
				9972EF821CE3C24F0068B980 /* JSONValue.m in Sources */,
				9972EF851CE3C2C70068B980 /* AppDelegate.m in Sources */,
			);
			runOnlyForDeploymentPostprocessing = 0;
		};
		4C1FF0C252EF98E763AEDC78 /* Sources */ = {
			isa = PBXSourcesBuildPhase;
			buildActionMask = 2147483647;
			files = (
				2F187080E1DA05B8595DE67D /* main.cpp in Sources */,
			);
			runOnlyForDeploymentPostprocessing = 0;
		};
/* End PBXSourcesBuildPhase section */

/* Begin XCBuildConfiguration section */
		16AF04B53A0B664759BCE706 /* Release */ = {
			isa = XCBuildConfiguration;
			baseConfigurationReference = B55B8F570BA845E71915F626 /* build.xcconfig */;
			buildSettings = {
				DEAD_CODE_STRIPPING = NO;
				EMBEDDED_CONTENT_CONTAINS_SWIFT = NO;
				FRAMEWORK_SEARCH_PATHS = "$(inherited)";
				INFOPLIST_FILE = jartest/Info.plist;
				LD_RUNPATH_SEARCH_PATHS = "$(inherited) @executable_path/Frameworks";
				OTHER_LDFLAGS = "${MOE_OTHER_LDFLAGS}";
				PRODUCT_NAME = jartest;
				STRIP_STYLE = "non-global";
			};
			name = Release;
		};
		2DBC2F103F53B1E1BFB96CA2 /* Release */ = {
			isa = XCBuildConfiguration;
			baseConfigurationReference = A3CBA905D41CAD9DF2A5F0A3 /* build.xcconfig */;
			buildSettings = {
				DEAD_CODE_STRIPPING = NO;
				EMBEDDED_CONTENT_CONTAINS_SWIFT = NO;
				FRAMEWORK_SEARCH_PATHS = "$(inherited)";
				INFOPLIST_FILE = "Info-Test.plist";
				LD_RUNPATH_SEARCH_PATHS = "$(inherited) @executable_path/Frameworks";
				OTHER_LDFLAGS = "${MOE_OTHER_LDFLAGS}";
				PRODUCT_NAME = "jartest-Test";
				STRIP_STYLE = "non-global";
			};
			name = Release;
		};
		3E24E053CB04796F6EB58586 /* Debug */ = {
			isa = XCBuildConfiguration;
			baseConfigurationReference = B55B8F570BA845E71915F626 /* build.xcconfig */;
			buildSettings = {
				DEAD_CODE_STRIPPING = NO;
				EMBEDDED_CONTENT_CONTAINS_SWIFT = NO;
				FRAMEWORK_SEARCH_PATHS = "$(inherited)";
				INFOPLIST_FILE = jartest/Info.plist;
				LD_RUNPATH_SEARCH_PATHS = "$(inherited) @executable_path/Frameworks";
				OTHER_LDFLAGS = "${MOE_OTHER_LDFLAGS}";
				PRODUCT_NAME = jartest;
				STRIP_STYLE = "non-global";
			};
			name = Debug;
		};
		45D2C7ADFF4F93F2D046B359 /* Debug */ = {
			isa = XCBuildConfiguration;
			baseConfigurationReference = A3CBA905D41CAD9DF2A5F0A3 /* build.xcconfig */;
			buildSettings = {
				DEAD_CODE_STRIPPING = NO;
				EMBEDDED_CONTENT_CONTAINS_SWIFT = NO;
				FRAMEWORK_SEARCH_PATHS = "$(inherited)";
				INFOPLIST_FILE = "Info-Test.plist";
				LD_RUNPATH_SEARCH_PATHS = "$(inherited) @executable_path/Frameworks";
				OTHER_LDFLAGS = "${MOE_OTHER_LDFLAGS}";
				PRODUCT_NAME = "jartest-Test";
				STRIP_STYLE = "non-global";
			};
			name = Debug;
		};
		47FD121CDDF5833D139D8378 /* Release */ = {
			isa = XCBuildConfiguration;
			buildSettings = {
				ALWAYS_SEARCH_USER_PATHS = NO;
				CLANG_CXX_LANGUAGE_STANDARD = "gnu++0x";
				CLANG_CXX_LIBRARY = "libc++";
				CLANG_ENABLE_MODULES = YES;
				CLANG_ENABLE_OBJC_ARC = YES;
				CLANG_WARN_BOOL_CONVERSION = YES;
				CLANG_WARN_CONSTANT_CONVERSION = YES;
				CLANG_WARN_DIRECT_OBJC_ISA_USAGE = YES_ERROR;
				CLANG_WARN_EMPTY_BODY = YES;
				CLANG_WARN_ENUM_CONVERSION = YES;
				CLANG_WARN_INT_CONVERSION = YES;
				CLANG_WARN_OBJC_ROOT_CLASS = YES_ERROR;
				CLANG_WARN_UNREACHABLE_CODE = YES;
				CLANG_WARN__DUPLICATE_METHOD_MATCH = YES;
				"CODE_SIGN_IDENTITY[sdk=iphoneos*]" = "iPhone Developer";
				COPY_PHASE_STRIP = YES;
				ENABLE_NS_ASSERTIONS = NO;
				ENABLE_STRICT_OBJC_MSGSEND = YES;
				FRAMEWORK_SEARCH_PATHS = (
					"$(inherited)",
					"${MOE_FRAMEWORK_PATH}",
				);
				GCC_C_LANGUAGE_STANDARD = gnu99;
				GCC_WARN_64_TO_32_BIT_CONVERSION = YES;
				GCC_WARN_ABOUT_RETURN_TYPE = YES_ERROR;
				GCC_WARN_UNDECLARED_SELECTOR = YES;
				GCC_WARN_UNINITIALIZED_AUTOS = YES_AGGRESSIVE;
				GCC_WARN_UNUSED_FUNCTION = YES;
				GCC_WARN_UNUSED_VARIABLE = YES;
				IPHONEOS_DEPLOYMENT_TARGET = "";
				LD_RUNPATH_SEARCH_PATHS = "$(inherited) @executable_path/Frameworks";
				MTL_ENABLE_DEBUG_INFO = NO;
				SDKROOT = iphoneos;
				SYMROOT = /Volumes/Data/git/jartest/jartest/build/moe/xcodebuild/sym;
				TARGETED_DEVICE_FAMILY = "1,2";
				VALIDATE_PRODUCT = YES;
			};
			name = Release;
		};
		FF0780212D4F16B5D004C554 /* Debug */ = {
			isa = XCBuildConfiguration;
			buildSettings = {
				ALWAYS_SEARCH_USER_PATHS = NO;
				CLANG_CXX_LANGUAGE_STANDARD = "gnu++0x";
				CLANG_CXX_LIBRARY = "libc++";
				CLANG_ENABLE_MODULES = YES;
				CLANG_ENABLE_OBJC_ARC = YES;
				CLANG_WARN_BOOL_CONVERSION = YES;
				CLANG_WARN_CONSTANT_CONVERSION = YES;
				CLANG_WARN_DIRECT_OBJC_ISA_USAGE = YES_ERROR;
				CLANG_WARN_EMPTY_BODY = YES;
				CLANG_WARN_ENUM_CONVERSION = YES;
				CLANG_WARN_INT_CONVERSION = YES;
				CLANG_WARN_OBJC_ROOT_CLASS = YES_ERROR;
				CLANG_WARN_UNREACHABLE_CODE = YES;
				CLANG_WARN__DUPLICATE_METHOD_MATCH = YES;
				"CODE_SIGN_IDENTITY[sdk=iphoneos*]" = "iPhone Developer";
				COPY_PHASE_STRIP = NO;
				ENABLE_STRICT_OBJC_MSGSEND = YES;
				FRAMEWORK_SEARCH_PATHS = (
					"$(inherited)",
					"${MOE_FRAMEWORK_PATH}",
				);
				GCC_C_LANGUAGE_STANDARD = gnu99;
				GCC_DYNAMIC_NO_PIC = NO;
				GCC_OPTIMIZATION_LEVEL = 0;
				GCC_PREPROCESSOR_DEFINITIONS = (
					"DEBUG=1",
					"$(inherited)",
				);
				GCC_SYMBOLS_PRIVATE_EXTERN = NO;
				GCC_WARN_64_TO_32_BIT_CONVERSION = YES;
				GCC_WARN_ABOUT_RETURN_TYPE = YES_ERROR;
				GCC_WARN_UNDECLARED_SELECTOR = YES;
				GCC_WARN_UNINITIALIZED_AUTOS = YES_AGGRESSIVE;
				GCC_WARN_UNUSED_FUNCTION = YES;
				GCC_WARN_UNUSED_VARIABLE = YES;
				IPHONEOS_DEPLOYMENT_TARGET = "";
				LD_RUNPATH_SEARCH_PATHS = "$(inherited) @executable_path/Frameworks";
				MTL_ENABLE_DEBUG_INFO = YES;
				SDKROOT = iphoneos;
				SYMROOT = /Volumes/Data/git/jartest/jartest/build/moe/xcodebuild/sym;
				TARGETED_DEVICE_FAMILY = "1,2";
			};
			name = Debug;
		};
/* End XCBuildConfiguration section */

/* Begin XCConfigurationList section */
		994170DC390CD3CD042C1A62 /* Build configuration list for PBXProject "jartest" */ = {
			isa = XCConfigurationList;
			buildConfigurations = (
				FF0780212D4F16B5D004C554 /* Debug */,
				47FD121CDDF5833D139D8378 /* Release */,
			);
			defaultConfigurationIsVisible = 0;
			defaultConfigurationName = Release;
		};
		A1E3C5A03CFD6CC5B9A223F6 /* Build configuration list for PBXNativeTarget "jartest" */ = {
			isa = XCConfigurationList;
			buildConfigurations = (
				3E24E053CB04796F6EB58586 /* Debug */,
				16AF04B53A0B664759BCE706 /* Release */,
			);
			defaultConfigurationIsVisible = 0;
			defaultConfigurationName = Release;
		};
		CA86AB7371931D9433EE939D /* Build configuration list for PBXNativeTarget "jartest-Test" */ = {
			isa = XCConfigurationList;
			buildConfigurations = (
				45D2C7ADFF4F93F2D046B359 /* Debug */,
				2DBC2F103F53B1E1BFB96CA2 /* Release */,
			);
			defaultConfigurationIsVisible = 0;
			defaultConfigurationName = Release;
		};
/* End XCConfigurationList section */
	};
	rootObject = 1D6095419F8CF6865259A1DD /* Project object */;
}
