// !$*UTF8*$!
{
	archiveVersion = 1;
	classes = {
	};
	objectVersion = 46;
	objects = {

/* Begin PBXBuildFile section */
		2CA7364F06FE8E982EDFFDFE /* classlist.txt in Resources */ = {isa = PBXBuildFile; fileRef = BADEB9F852AA2EB0F19181E7 /* classlist.txt */; };
		2EF79657C1627DBD534A9E08 /* MOE.framework in Embed Frameworks */ = {isa = PBXBuildFile; fileRef = 684C5A1D11AE2E38B83B8C10 /* MOE.framework */; settings = {ATTRIBUTES = (CodeSignOnCopy, RemoveHeadersOnCopy, ); }; };
		31F6961B8FA305456A286C8C /* MOE.framework in Frameworks */ = {isa = PBXBuildFile; fileRef = 684C5A1D11AE2E38B83B8C10 /* MOE.framework */; };
		3FE208E7394B60752D7A5B4B /* MainUI.storyboard in Resources */ = {isa = PBXBuildFile; fileRef = C725DCB88AACF04752A42890 /* MainUI.storyboard */; };
		5B040DF80D3FCD8F2BD1EF01 /* LaunchScreen.xib in Resources */ = {isa = PBXBuildFile; fileRef = 4AC9D742609003B5150E0D1C /* LaunchScreen.xib */; };
		66F4C059A9B087CB0AD0424B /* preregister.txt in Resources */ = {isa = PBXBuildFile; fileRef = DFA635AE8BE94C271A982EAF /* preregister.txt */; };
		8B25871CEB0389BC39DD1DE0 /* preregister.txt in Resources */ = {isa = PBXBuildFile; fileRef = 49A1C2E0262B8CD4DABE79F9 /* preregister.txt */; };
		99979FAA1CEC91D2004D90B7 /* AppDelegate.m in Sources */ = {isa = PBXBuildFile; fileRef = 99979FA71CEC91D2004D90B7 /* AppDelegate.m */; };
		99979FAB1CEC91D2004D90B7 /* JSONValue.m in Sources */ = {isa = PBXBuildFile; fileRef = 99979FA91CEC91D2004D90B7 /* JSONValue.m */; };
		AA57C758EDA9567606C94DC1 /* main.cpp in Sources */ = {isa = PBXBuildFile; fileRef = 33BECAABF9787C619A4F9B59 /* main.cpp */; };
		AE09798CAAB345F23D3E331E /* MOE.framework in Embed Frameworks */ = {isa = PBXBuildFile; fileRef = 684C5A1D11AE2E38B83B8C10 /* MOE.framework */; settings = {ATTRIBUTES = (CodeSignOnCopy, RemoveHeadersOnCopy, ); }; };
		BFAC07E81988A538083A6F61 /* application.jar in Resources */ = {isa = PBXBuildFile; fileRef = 64C40E6CD3616188AD321F8D /* application.jar */; };
		C56CF596CC11EE7D85C52F04 /* MOE.framework in Frameworks */ = {isa = PBXBuildFile; fileRef = 684C5A1D11AE2E38B83B8C10 /* MOE.framework */; };
		CF5B52E029EFEB6451633450 /* main.cpp in Sources */ = {isa = PBXBuildFile; fileRef = 33BECAABF9787C619A4F9B59 /* main.cpp */; };
		DCB703B1FDB7D5EC6104AA7E /* intel_logo.png in Resources */ = {isa = PBXBuildFile; fileRef = F498CB65711C849474994DB5 /* intel_logo.png */; };
		F85F14557802CE5B854F6DF8 /* application.jar in Resources */ = {isa = PBXBuildFile; fileRef = EA3A9873962DA4B8CDB8EA24 /* application.jar */; };
/* End PBXBuildFile section */

/* Begin PBXCopyFilesBuildPhase section */
		B36EF6E82FAFD114E9B0435B /* Embed Frameworks */ = {
			isa = PBXCopyFilesBuildPhase;
			buildActionMask = 2147483647;
			dstPath = "";
			dstSubfolderSpec = 10;
			files = (
				AE09798CAAB345F23D3E331E /* MOE.framework in Embed Frameworks */,
			);
			name = "Embed Frameworks";
			runOnlyForDeploymentPostprocessing = 0;
		};
		FCFB5659AC7E5DEFE479FD6D /* Embed Frameworks */ = {
			isa = PBXCopyFilesBuildPhase;
			buildActionMask = 2147483647;
			dstPath = "";
			dstSubfolderSpec = 10;
			files = (
				2EF79657C1627DBD534A9E08 /* MOE.framework in Embed Frameworks */,
			);
			name = "Embed Frameworks";
			runOnlyForDeploymentPostprocessing = 0;
		};
/* End PBXCopyFilesBuildPhase section */

/* Begin PBXFileReference section */
		33BECAABF9787C619A4F9B59 /* main.cpp */ = {isa = PBXFileReference; lastKnownFileType = sourcecode.cpp.cpp; path = main.cpp; sourceTree = "<group>"; };
		37D54489CC76C32F0B58957F /* Info.plist */ = {isa = PBXFileReference; lastKnownFileType = text.plist.xml; name = Info.plist; path = jartest/Info.plist; sourceTree = "<group>"; };
		39CA1D219B1A5274E1A891DB /* build.xcconfig */ = {isa = PBXFileReference; lastKnownFileType = text.xcconfig; path = build.xcconfig; sourceTree = "<group>"; };
		49A1C2E0262B8CD4DABE79F9 /* preregister.txt */ = {isa = PBXFileReference; lastKnownFileType = text; name = preregister.txt; path = ../build/moe/main/preregister.txt; sourceTree = SOURCE_ROOT; };
		4AC9D742609003B5150E0D1C /* LaunchScreen.xib */ = {isa = PBXFileReference; lastKnownFileType = file.xib; name = LaunchScreen.xib; path = ../src/main/resources/LaunchScreen.xib; sourceTree = SOURCE_ROOT; };
		4CE159DA2BA782A44746FDAD /* jartest-Test.app */ = {isa = PBXFileReference; explicitFileType = wrapper.application; includeInIndex = 0; path = "jartest-Test.app"; sourceTree = BUILT_PRODUCTS_DIR; };
		64C40E6CD3616188AD321F8D /* application.jar */ = {isa = PBXFileReference; lastKnownFileType = archive.jar; name = application.jar; path = ../build/moe/test/application.jar; sourceTree = SOURCE_ROOT; };
		684C5A1D11AE2E38B83B8C10 /* MOE.framework */ = {isa = PBXFileReference; lastKnownFileType = wrapper.framework; path = MOE.framework; sourceTree = MOE_FRAMEWORK_PATH; };
		98513ABCC89C5F159468E127 /* build.xcconfig */ = {isa = PBXFileReference; lastKnownFileType = text.xcconfig; path = build.xcconfig; sourceTree = "<group>"; };
		99979FA61CEC91D2004D90B7 /* AppDelegate.h */ = {isa = PBXFileReference; fileEncoding = 4; lastKnownFileType = sourcecode.c.h; path = AppDelegate.h; sourceTree = "<group>"; };
		99979FA71CEC91D2004D90B7 /* AppDelegate.m */ = {isa = PBXFileReference; fileEncoding = 4; lastKnownFileType = sourcecode.c.objc; path = AppDelegate.m; sourceTree = "<group>"; };
		99979FA81CEC91D2004D90B7 /* JSONValue.h */ = {isa = PBXFileReference; fileEncoding = 4; lastKnownFileType = sourcecode.c.h; path = JSONValue.h; sourceTree = "<group>"; };
		99979FA91CEC91D2004D90B7 /* JSONValue.m */ = {isa = PBXFileReference; fileEncoding = 4; lastKnownFileType = sourcecode.c.objc; path = JSONValue.m; sourceTree = "<group>"; };
		A74C78EC98EF7C79A668D35E /* jartest.app */ = {isa = PBXFileReference; explicitFileType = wrapper.application; includeInIndex = 0; path = jartest.app; sourceTree = BUILT_PRODUCTS_DIR; };
		BADEB9F852AA2EB0F19181E7 /* classlist.txt */ = {isa = PBXFileReference; lastKnownFileType = text; name = classlist.txt; path = ../build/moe/test/classlist.txt; sourceTree = SOURCE_ROOT; };
		C725DCB88AACF04752A42890 /* MainUI.storyboard */ = {isa = PBXFileReference; lastKnownFileType = file.storyboard; name = MainUI.storyboard; path = ../src/main/resources/MainUI.storyboard; sourceTree = SOURCE_ROOT; };
		DB485E407D09221D5684F973 /* Info-Test.plist */ = {isa = PBXFileReference; lastKnownFileType = text.plist.xml; name = "Info-Test.plist"; path = "jartest-Test/Info-Test.plist"; sourceTree = "<group>"; };
		DFA635AE8BE94C271A982EAF /* preregister.txt */ = {isa = PBXFileReference; lastKnownFileType = text; name = preregister.txt; path = ../build/moe/test/preregister.txt; sourceTree = SOURCE_ROOT; };
		EA3A9873962DA4B8CDB8EA24 /* application.jar */ = {isa = PBXFileReference; lastKnownFileType = archive.jar; name = application.jar; path = ../build/moe/main/application.jar; sourceTree = SOURCE_ROOT; };
		F498CB65711C849474994DB5 /* intel_logo.png */ = {isa = PBXFileReference; lastKnownFileType = image.png; name = intel_logo.png; path = ../src/main/resources/intel_logo.png; sourceTree = SOURCE_ROOT; };
/* End PBXFileReference section */

/* Begin PBXFrameworksBuildPhase section */
		2285AF19D71C2212000AA75D /* Frameworks */ = {
			isa = PBXFrameworksBuildPhase;
			buildActionMask = 2147483647;
			files = (
				31F6961B8FA305456A286C8C /* MOE.framework in Frameworks */,
			);
			runOnlyForDeploymentPostprocessing = 0;
		};
		976723CA8F90FB720CB6AD39 /* Frameworks */ = {
			isa = PBXFrameworksBuildPhase;
			buildActionMask = 2147483647;
			files = (
				C56CF596CC11EE7D85C52F04 /* MOE.framework in Frameworks */,
			);
			runOnlyForDeploymentPostprocessing = 0;
		};
/* End PBXFrameworksBuildPhase section */

/* Begin PBXGroup section */
		249FC309AE6B7DF8D5BEE190 /* jartest-Test */ = {
			isa = PBXGroup;
			children = (
				97CCD7BEA33E350C91946ABB /* Supporting Files */,
			);
			path = "jartest-Test";
			sourceTree = "<group>";
		};
		2735543985A84A3DC9DE0317 /* Frameworks */ = {
			isa = PBXGroup;
			children = (
				684C5A1D11AE2E38B83B8C10 /* MOE.framework */,
			);
			path = Frameworks;
			sourceTree = "<group>";
		};
		46478133A1CDAC02F2D27AD6 = {
			isa = PBXGroup;
			children = (
				CE6E33E2D0A1D6B16B5802FB /* jartest */,
				249FC309AE6B7DF8D5BEE190 /* jartest-Test */,
				2735543985A84A3DC9DE0317 /* Frameworks */,
				DDD54CBAC30963D3077B794C /* Products */,
			);
			sourceTree = "<group>";
		};
		8DF5BD46BB56D2785A68FF8E /* Supporting Files */ = {
			isa = PBXGroup;
			children = (
				99979FA61CEC91D2004D90B7 /* AppDelegate.h */,
				99979FA71CEC91D2004D90B7 /* AppDelegate.m */,
				99979FA81CEC91D2004D90B7 /* JSONValue.h */,
				99979FA91CEC91D2004D90B7 /* JSONValue.m */,
				33BECAABF9787C619A4F9B59 /* main.cpp */,
				39CA1D219B1A5274E1A891DB /* build.xcconfig */,
				37D54489CC76C32F0B58957F /* Info.plist */,
				49A1C2E0262B8CD4DABE79F9 /* preregister.txt */,
				EA3A9873962DA4B8CDB8EA24 /* application.jar */,
				4AC9D742609003B5150E0D1C /* LaunchScreen.xib */,
				F498CB65711C849474994DB5 /* intel_logo.png */,
				C725DCB88AACF04752A42890 /* MainUI.storyboard */,
			);
			name = "Supporting Files";
			sourceTree = "<group>";
		};
		97CCD7BEA33E350C91946ABB /* Supporting Files */ = {
			isa = PBXGroup;
			children = (
				98513ABCC89C5F159468E127 /* build.xcconfig */,
				DB485E407D09221D5684F973 /* Info-Test.plist */,
				DFA635AE8BE94C271A982EAF /* preregister.txt */,
				64C40E6CD3616188AD321F8D /* application.jar */,
				BADEB9F852AA2EB0F19181E7 /* classlist.txt */,
			);
			name = "Supporting Files";
			sourceTree = "<group>";
		};
		CE6E33E2D0A1D6B16B5802FB /* jartest */ = {
			isa = PBXGroup;
			children = (
				8DF5BD46BB56D2785A68FF8E /* Supporting Files */,
			);
			path = jartest;
			sourceTree = "<group>";
		};
		DDD54CBAC30963D3077B794C /* Products */ = {
			isa = PBXGroup;
			children = (
				A74C78EC98EF7C79A668D35E /* jartest.app */,
				4CE159DA2BA782A44746FDAD /* jartest-Test.app */,
			);
			path = Products;
			sourceTree = "<group>";
		};
/* End PBXGroup section */

/* Begin PBXNativeTarget section */
		17F95FE41F6DCD293C294D30 /* jartest */ = {
			isa = PBXNativeTarget;
			buildConfigurationList = 0E81557CD81AFD9CF34FDBF0 /* Build configuration list for PBXNativeTarget "jartest" */;
			buildPhases = (
				95C9FE48BEA4124E13FC7268 /* Compile Sources (MOE) */,
				976723CA8F90FB720CB6AD39 /* Frameworks */,
				352468A08C8FD6D2C834CF30 /* Resources */,
				C832B4A4A0C76981FB6B9A5A /* Sources */,
				B36EF6E82FAFD114E9B0435B /* Embed Frameworks */,
			);
			buildRules = (
			);
			name = jartest;
			productName = jartest;
			productReference = A74C78EC98EF7C79A668D35E /* jartest.app */;
			productType = "com.apple.product-type.application";
		};
		F1BCE4EE6820445E25A7AC83 /* jartest-Test */ = {
			isa = PBXNativeTarget;
			buildConfigurationList = 64A093A7CF05299B42A72B53 /* Build configuration list for PBXNativeTarget "jartest-Test" */;
			buildPhases = (
				6CC2EEE2D6633B9C3230AD5F /* Compile Sources (MOE) */,
				2285AF19D71C2212000AA75D /* Frameworks */,
				83FB0CD49690244F32A93499 /* Resources */,
				9E20BA6C3E552BA404AA2EA1 /* Sources */,
				FCFB5659AC7E5DEFE479FD6D /* Embed Frameworks */,
			);
			buildRules = (
			);
			name = "jartest-Test";
			productName = "jartest-Test";
			productReference = 4CE159DA2BA782A44746FDAD /* jartest-Test.app */;
			productType = "com.apple.product-type.application";
		};
/* End PBXNativeTarget section */

/* Begin PBXProject section */
		F6E5AA2E82AD769B99732532 /* Project object */ = {
			isa = PBXProject;
			attributes = {
				ORGANIZATIONNAME = "";
			};
			buildConfigurationList = 9480B90D2F03A7BCBE2770FE /* Build configuration list for PBXProject "jartest" */;
			compatibilityVersion = "Xcode 3.2";
			developmentRegion = English;
			hasScannedForEncodings = 0;
			knownRegions = (
				en,
				Base,
			);
			mainGroup = 46478133A1CDAC02F2D27AD6;
			productRefGroup = DDD54CBAC30963D3077B794C /* Products */;
			projectDirPath = "";
			projectRoot = "";
			targets = (
				17F95FE41F6DCD293C294D30 /* jartest */,
				F1BCE4EE6820445E25A7AC83 /* jartest-Test */,
			);
		};
/* End PBXProject section */

/* Begin PBXResourcesBuildPhase section */
		352468A08C8FD6D2C834CF30 /* Resources */ = {
			isa = PBXResourcesBuildPhase;
			buildActionMask = 2147483647;
			files = (
				8B25871CEB0389BC39DD1DE0 /* preregister.txt in Resources */,
				F85F14557802CE5B854F6DF8 /* application.jar in Resources */,
				5B040DF80D3FCD8F2BD1EF01 /* LaunchScreen.xib in Resources */,
				DCB703B1FDB7D5EC6104AA7E /* intel_logo.png in Resources */,
				3FE208E7394B60752D7A5B4B /* MainUI.storyboard in Resources */,
			);
			runOnlyForDeploymentPostprocessing = 0;
		};
		83FB0CD49690244F32A93499 /* Resources */ = {
			isa = PBXResourcesBuildPhase;
			buildActionMask = 2147483647;
			files = (
				66F4C059A9B087CB0AD0424B /* preregister.txt in Resources */,
				BFAC07E81988A538083A6F61 /* application.jar in Resources */,
				2CA7364F06FE8E982EDFFDFE /* classlist.txt in Resources */,
			);
			runOnlyForDeploymentPostprocessing = 0;
		};
/* End PBXResourcesBuildPhase section */

/* Begin PBXShellScriptBuildPhase section */
		6CC2EEE2D6633B9C3230AD5F /* Compile Sources (MOE) */ = {
			isa = PBXShellScriptBuildPhase;
			buildActionMask = 2147483647;
			files = (
			);
			inputPaths = (
			);
			name = "Compile Sources (MOE)";
			outputPaths = (
			);
			runOnlyForDeploymentPostprocessing = 0;
			shellPath = /bin/bash;
			shellScript = "cd \"${SRCROOT}/..\"\n\nexport JAVA_HOME=$(/usr/libexec/java_home -v 1.8)\njava -version\n\n########################\n# Find Gradle\n########################\nfunction findGradle {\n\tCD=\"$PWD\"\n\twhile [ \"$CD\" != \"\" ]; do\n\t\techo \"Looking for gradlew in $CD\"\n\t\tif [ -x \"$CD/gradlew\" ]; then\n\t\t\tGRADLE_EXEC=$CD/gradlew\n\t\t\treturn 0\n\t\tfi\n\t\tCD=\"${CD%/*}\"\n\tdone\n\n\tDEFAULT_PATH=$(echo $PATH)\n\tsource ~/.bash_profile\n\texport PATH=$PATH:DEFAULT_PATH\n\n\techo \"Checking with 'which'\"\n\tGRADLE_EXEC=$(which 'gradle')\n\n\tif [ \"$GRADLE_EXEC\" = \"\" ]; then\n\t\techo \"Falling back to '/usr/local/bin/gradle'\"\n\t\tGRADLE_EXEC=/usr/local/bin/gradle\n\tfi\n}\n########################\n# Execute Gradle build\n########################\nif [ -z \"$MOE_GRADLE_EXTERNAL_BUILD\" ]; then\n    findGradle\n\n    export MOE_BUILD_SOURCE_SET=test\n    \"$GRADLE_EXEC\" --daemon moeXcodeInternal\nfi\n";
		};
		95C9FE48BEA4124E13FC7268 /* Compile Sources (MOE) */ = {
			isa = PBXShellScriptBuildPhase;
			buildActionMask = 2147483647;
			files = (
			);
			inputPaths = (
			);
			name = "Compile Sources (MOE)";
			outputPaths = (
			);
			runOnlyForDeploymentPostprocessing = 0;
			shellPath = /bin/bash;
			shellScript = "cd \"${SRCROOT}/..\"\n\nexport JAVA_HOME=$(/usr/libexec/java_home -v 1.8)\njava -version\n\n########################\n# Find Gradle\n########################\nfunction findGradle {\n\tCD=\"$PWD\"\n\twhile [ \"$CD\" != \"\" ]; do\n\t\techo \"Looking for gradlew in $CD\"\n\t\tif [ -x \"$CD/gradlew\" ]; then\n\t\t\tGRADLE_EXEC=$CD/gradlew\n\t\t\treturn 0\n\t\tfi\n\t\tCD=\"${CD%/*}\"\n\tdone\n\n\tDEFAULT_PATH=$(echo $PATH)\n\tsource ~/.bash_profile\n\texport PATH=$PATH:DEFAULT_PATH\n\n\techo \"Checking with 'which'\"\n\tGRADLE_EXEC=$(which 'gradle')\n\n\tif [ \"$GRADLE_EXEC\" = \"\" ]; then\n\t\techo \"Falling back to '/usr/local/bin/gradle'\"\n\t\tGRADLE_EXEC=/usr/local/bin/gradle\n\tfi\n}\n########################\n# Execute Gradle build\n########################\nif [ -z \"$MOE_GRADLE_EXTERNAL_BUILD\" ]; then\n    findGradle\n\n    \"$GRADLE_EXEC\" --daemon moeXcodeInternal\nfi\n";
		};
/* End PBXShellScriptBuildPhase section */

/* Begin PBXSourcesBuildPhase section */
		9E20BA6C3E552BA404AA2EA1 /* Sources */ = {
			isa = PBXSourcesBuildPhase;
			buildActionMask = 2147483647;
			files = (
				AA57C758EDA9567606C94DC1 /* main.cpp in Sources */,
			);
			runOnlyForDeploymentPostprocessing = 0;
		};
		C832B4A4A0C76981FB6B9A5A /* Sources */ = {
			isa = PBXSourcesBuildPhase;
			buildActionMask = 2147483647;
			files = (
				99979FAB1CEC91D2004D90B7 /* JSONValue.m in Sources */,
				99979FAA1CEC91D2004D90B7 /* AppDelegate.m in Sources */,
				CF5B52E029EFEB6451633450 /* main.cpp in Sources */,
			);
			runOnlyForDeploymentPostprocessing = 0;
		};
/* End PBXSourcesBuildPhase section */

/* Begin XCBuildConfiguration section */
		1341FD56FFDCFB2E7EB204AB /* Release */ = {
			isa = XCBuildConfiguration;
			baseConfigurationReference = 98513ABCC89C5F159468E127 /* build.xcconfig */;
			buildSettings = {
				DEAD_CODE_STRIPPING = NO;
				EMBEDDED_CONTENT_CONTAINS_SWIFT = NO;
				FRAMEWORK_SEARCH_PATHS = "$(inherited)";
				INFOPLIST_FILE = "Info-Test.plist";
				LD_RUNPATH_SEARCH_PATHS = "$(inherited) @executable_path/Frameworks";
				OTHER_LDFLAGS = "${MOE_OTHER_LDFLAGS}";
				PRODUCT_NAME = "jartest-Test";
				STRIP_STYLE = "non-global";
			};
			name = Release;
		};
		36D747F7C89ECC3AC90856B9 /* Debug */ = {
			isa = XCBuildConfiguration;
			baseConfigurationReference = 39CA1D219B1A5274E1A891DB /* build.xcconfig */;
			buildSettings = {
				DEAD_CODE_STRIPPING = NO;
				EMBEDDED_CONTENT_CONTAINS_SWIFT = NO;
				FRAMEWORK_SEARCH_PATHS = "$(inherited)";
				INFOPLIST_FILE = jartest/Info.plist;
				LD_RUNPATH_SEARCH_PATHS = "$(inherited) @executable_path/Frameworks";
				OTHER_LDFLAGS = "${MOE_OTHER_LDFLAGS}";
				PRODUCT_NAME = jartest;
				STRIP_STYLE = "non-global";
			};
			name = Debug;
		};
		7E590D10125FC292EE2547AD /* Release */ = {
			isa = XCBuildConfiguration;
			baseConfigurationReference = 39CA1D219B1A5274E1A891DB /* build.xcconfig */;
			buildSettings = {
				DEAD_CODE_STRIPPING = NO;
				EMBEDDED_CONTENT_CONTAINS_SWIFT = NO;
				FRAMEWORK_SEARCH_PATHS = "$(inherited)";
				INFOPLIST_FILE = jartest/Info.plist;
				LD_RUNPATH_SEARCH_PATHS = "$(inherited) @executable_path/Frameworks";
				OTHER_LDFLAGS = "${MOE_OTHER_LDFLAGS}";
				PRODUCT_NAME = jartest;
				STRIP_STYLE = "non-global";
			};
			name = Release;
		};
		D154E988B33760888FF56532 /* Release */ = {
			isa = XCBuildConfiguration;
			buildSettings = {
				ALWAYS_SEARCH_USER_PATHS = NO;
				CLANG_CXX_LANGUAGE_STANDARD = "gnu++0x";
				CLANG_CXX_LIBRARY = "libc++";
				CLANG_ENABLE_MODULES = YES;
				CLANG_ENABLE_OBJC_ARC = YES;
				CLANG_WARN_BOOL_CONVERSION = YES;
				CLANG_WARN_CONSTANT_CONVERSION = YES;
				CLANG_WARN_DIRECT_OBJC_ISA_USAGE = YES_ERROR;
				CLANG_WARN_EMPTY_BODY = YES;
				CLANG_WARN_ENUM_CONVERSION = YES;
				CLANG_WARN_INT_CONVERSION = YES;
				CLANG_WARN_OBJC_ROOT_CLASS = YES_ERROR;
				CLANG_WARN_UNREACHABLE_CODE = YES;
				CLANG_WARN__DUPLICATE_METHOD_MATCH = YES;
				"CODE_SIGN_IDENTITY[sdk=iphoneos*]" = "iPhone Developer";
				COPY_PHASE_STRIP = YES;
				ENABLE_NS_ASSERTIONS = NO;
				ENABLE_STRICT_OBJC_MSGSEND = YES;
				FRAMEWORK_SEARCH_PATHS = (
					"$(inherited)",
					"${MOE_FRAMEWORK_PATH}",
				);
				GCC_C_LANGUAGE_STANDARD = gnu99;
				GCC_WARN_64_TO_32_BIT_CONVERSION = YES;
				GCC_WARN_ABOUT_RETURN_TYPE = YES_ERROR;
				GCC_WARN_UNDECLARED_SELECTOR = YES;
				GCC_WARN_UNINITIALIZED_AUTOS = YES_AGGRESSIVE;
				GCC_WARN_UNUSED_FUNCTION = YES;
				GCC_WARN_UNUSED_VARIABLE = YES;
				IPHONEOS_DEPLOYMENT_TARGET = "";
				LD_RUNPATH_SEARCH_PATHS = "$(inherited) @executable_path/Frameworks";
				MTL_ENABLE_DEBUG_INFO = NO;
				SDKROOT = iphoneos;
				SYMROOT = /Volumes/Data/git/jartest/build/moe/xcodebuild/sym;
				TARGETED_DEVICE_FAMILY = "1,2";
				VALIDATE_PRODUCT = YES;
			};
			name = Release;
		};
		E2C92D16122D034002D547AB /* Debug */ = {
			isa = XCBuildConfiguration;
			baseConfigurationReference = 98513ABCC89C5F159468E127 /* build.xcconfig */;
			buildSettings = {
				DEAD_CODE_STRIPPING = NO;
				EMBEDDED_CONTENT_CONTAINS_SWIFT = NO;
				FRAMEWORK_SEARCH_PATHS = "$(inherited)";
				INFOPLIST_FILE = "Info-Test.plist";
				LD_RUNPATH_SEARCH_PATHS = "$(inherited) @executable_path/Frameworks";
				OTHER_LDFLAGS = "${MOE_OTHER_LDFLAGS}";
				PRODUCT_NAME = "jartest-Test";
				STRIP_STYLE = "non-global";
			};
			name = Debug;
		};
		FEA453DFA11C0F3053CC740C /* Debug */ = {
			isa = XCBuildConfiguration;
			buildSettings = {
				ALWAYS_SEARCH_USER_PATHS = NO;
				CLANG_CXX_LANGUAGE_STANDARD = "gnu++0x";
				CLANG_CXX_LIBRARY = "libc++";
				CLANG_ENABLE_MODULES = YES;
				CLANG_ENABLE_OBJC_ARC = YES;
				CLANG_WARN_BOOL_CONVERSION = YES;
				CLANG_WARN_CONSTANT_CONVERSION = YES;
				CLANG_WARN_DIRECT_OBJC_ISA_USAGE = YES_ERROR;
				CLANG_WARN_EMPTY_BODY = YES;
				CLANG_WARN_ENUM_CONVERSION = YES;
				CLANG_WARN_INT_CONVERSION = YES;
				CLANG_WARN_OBJC_ROOT_CLASS = YES_ERROR;
				CLANG_WARN_UNREACHABLE_CODE = YES;
				CLANG_WARN__DUPLICATE_METHOD_MATCH = YES;
				"CODE_SIGN_IDENTITY[sdk=iphoneos*]" = "iPhone Developer";
				COPY_PHASE_STRIP = NO;
				ENABLE_STRICT_OBJC_MSGSEND = YES;
				FRAMEWORK_SEARCH_PATHS = (
					"$(inherited)",
					"${MOE_FRAMEWORK_PATH}",
				);
				GCC_C_LANGUAGE_STANDARD = gnu99;
				GCC_DYNAMIC_NO_PIC = NO;
				GCC_OPTIMIZATION_LEVEL = 0;
				GCC_PREPROCESSOR_DEFINITIONS = (
					"DEBUG=1",
					"$(inherited)",
				);
				GCC_SYMBOLS_PRIVATE_EXTERN = NO;
				GCC_WARN_64_TO_32_BIT_CONVERSION = YES;
				GCC_WARN_ABOUT_RETURN_TYPE = YES_ERROR;
				GCC_WARN_UNDECLARED_SELECTOR = YES;
				GCC_WARN_UNINITIALIZED_AUTOS = YES_AGGRESSIVE;
				GCC_WARN_UNUSED_FUNCTION = YES;
				GCC_WARN_UNUSED_VARIABLE = YES;
				IPHONEOS_DEPLOYMENT_TARGET = "";
				LD_RUNPATH_SEARCH_PATHS = "$(inherited) @executable_path/Frameworks";
				MTL_ENABLE_DEBUG_INFO = YES;
				SDKROOT = iphoneos;
				SYMROOT = /Volumes/Data/git/jartest/build/moe/xcodebuild/sym;
				TARGETED_DEVICE_FAMILY = "1,2";
			};
			name = Debug;
		};
/* End XCBuildConfiguration section */

/* Begin XCConfigurationList section */
		0E81557CD81AFD9CF34FDBF0 /* Build configuration list for PBXNativeTarget "jartest" */ = {
			isa = XCConfigurationList;
			buildConfigurations = (
				36D747F7C89ECC3AC90856B9 /* Debug */,
				7E590D10125FC292EE2547AD /* Release */,
			);
			defaultConfigurationIsVisible = 0;
			defaultConfigurationName = Release;
		};
		64A093A7CF05299B42A72B53 /* Build configuration list for PBXNativeTarget "jartest-Test" */ = {
			isa = XCConfigurationList;
			buildConfigurations = (
				E2C92D16122D034002D547AB /* Debug */,
				1341FD56FFDCFB2E7EB204AB /* Release */,
			);
			defaultConfigurationIsVisible = 0;
			defaultConfigurationName = Release;
		};
		9480B90D2F03A7BCBE2770FE /* Build configuration list for PBXProject "jartest" */ = {
			isa = XCConfigurationList;
			buildConfigurations = (
				FEA453DFA11C0F3053CC740C /* Debug */,
				D154E988B33760888FF56532 /* Release */,
			);
			defaultConfigurationIsVisible = 0;
			defaultConfigurationName = Release;
		};
/* End XCConfigurationList section */
	};
	rootObject = F6E5AA2E82AD769B99732532 /* Project object */;
}
